// !$*UTF8*$!
{
	archiveVersion = 1;
	classes = {
	};
	objectVersion = 56;
	objects = {

/* Begin PBXBuildFile section */
		55ABE7092B981724000792EF /* AppDelegate.swift in Sources */ = {isa = PBXBuildFile; fileRef = 55ABE7082B981724000792EF /* AppDelegate.swift */; };
		55ABE70B2B981724000792EF /* SceneDelegate.swift in Sources */ = {isa = PBXBuildFile; fileRef = 55ABE70A2B981724000792EF /* SceneDelegate.swift */; };
		55ABE70D2B981724000792EF /* ViewController.swift in Sources */ = {isa = PBXBuildFile; fileRef = 55ABE70C2B981724000792EF /* ViewController.swift */; };
		55ABE7102B981724000792EF /* Main.storyboard in Resources */ = {isa = PBXBuildFile; fileRef = 55ABE70E2B981724000792EF /* Main.storyboard */; };
		55ABE7122B981725000792EF /* Assets.xcassets in Resources */ = {isa = PBXBuildFile; fileRef = 55ABE7112B981725000792EF /* Assets.xcassets */; };
		55ABE7152B981725000792EF /* LaunchScreen.storyboard in Resources */ = {isa = PBXBuildFile; fileRef = 55ABE7132B981725000792EF /* LaunchScreen.storyboard */; };
		55ABE7202B981725000792EF /* Cricket_Match_Details_Mobile_AppTests.swift in Sources */ = {isa = PBXBuildFile; fileRef = 55ABE71F2B981725000792EF /* Cricket_Match_Details_Mobile_AppTests.swift */; };
		55ABE72A2B981725000792EF /* Cricket_Match_Details_Mobile_AppUITests.swift in Sources */ = {isa = PBXBuildFile; fileRef = 55ABE7292B981725000792EF /* Cricket_Match_Details_Mobile_AppUITests.swift */; };
		55ABE72C2B981725000792EF /* Cricket_Match_Details_Mobile_AppUITestsLaunchTests.swift in Sources */ = {isa = PBXBuildFile; fileRef = 55ABE72B2B981725000792EF /* Cricket_Match_Details_Mobile_AppUITestsLaunchTests.swift */; };
		55B926102B98320100555210 /* MatchSummaryViewController.swift in Sources */ = {isa = PBXBuildFile; fileRef = 55B9260F2B98320100555210 /* MatchSummaryViewController.swift */; };
		55B926142B9833A800555210 /* MatchModel.swift in Sources */ = {isa = PBXBuildFile; fileRef = 55B926132B9833A800555210 /* MatchModel.swift */; };
		55B926192B98348600555210 /* MatchDetailsViewModel.swift in Sources */ = {isa = PBXBuildFile; fileRef = 55B926182B98348600555210 /* MatchDetailsViewModel.swift */; };
		55E9D4D92B983E730016E224 /* DataManager.swift in Sources */ = {isa = PBXBuildFile; fileRef = 55E9D4D82B983E730016E224 /* DataManager.swift */; };
		55E9D4DC2B9844260016E224 /* status.json in Resources */ = {isa = PBXBuildFile; fileRef = 55E9D4DB2B9844260016E224 /* status.json */; };
		55E9D4DE2B985E5B0016E224 /* ScorecardViewController.swift in Sources */ = {isa = PBXBuildFile; fileRef = 55E9D4DD2B985E5B0016E224 /* ScorecardViewController.swift */; };
		55E9D4E02B9878230016E224 /* ScoreCardTableViewcell.swift in Sources */ = {isa = PBXBuildFile; fileRef = 55E9D4DF2B9878230016E224 /* ScoreCardTableViewcell.swift */; };
/* End PBXBuildFile section */

/* Begin PBXContainerItemProxy section */
		55ABE71C2B981725000792EF /* PBXContainerItemProxy */ = {
			isa = PBXContainerItemProxy;
			containerPortal = 55ABE6FD2B981724000792EF /* Project object */;
			proxyType = 1;
			remoteGlobalIDString = 55ABE7042B981724000792EF;
			remoteInfo = "Cricket Match Details Mobile App";
		};
		55ABE7262B981725000792EF /* PBXContainerItemProxy */ = {
			isa = PBXContainerItemProxy;
			containerPortal = 55ABE6FD2B981724000792EF /* Project object */;
			proxyType = 1;
			remoteGlobalIDString = 55ABE7042B981724000792EF;
			remoteInfo = "Cricket Match Details Mobile App";
		};
/* End PBXContainerItemProxy section */

/* Begin PBXFileReference section */
		55ABE7052B981724000792EF /* Cricket Match Details Mobile App.app */ = {isa = PBXFileReference; explicitFileType = wrapper.application; includeInIndex = 0; path = "Cricket Match Details Mobile App.app"; sourceTree = BUILT_PRODUCTS_DIR; };
		55ABE7082B981724000792EF /* AppDelegate.swift */ = {isa = PBXFileReference; lastKnownFileType = sourcecode.swift; path = AppDelegate.swift; sourceTree = "<group>"; };
		55ABE70A2B981724000792EF /* SceneDelegate.swift */ = {isa = PBXFileReference; lastKnownFileType = sourcecode.swift; path = SceneDelegate.swift; sourceTree = "<group>"; };
		55ABE70C2B981724000792EF /* ViewController.swift */ = {isa = PBXFileReference; lastKnownFileType = sourcecode.swift; path = ViewController.swift; sourceTree = "<group>"; };
		55ABE70F2B981724000792EF /* Base */ = {isa = PBXFileReference; lastKnownFileType = file.storyboard; name = Base; path = Base.lproj/Main.storyboard; sourceTree = "<group>"; };
		55ABE7112B981725000792EF /* Assets.xcassets */ = {isa = PBXFileReference; lastKnownFileType = folder.assetcatalog; path = Assets.xcassets; sourceTree = "<group>"; };
		55ABE7142B981725000792EF /* Base */ = {isa = PBXFileReference; lastKnownFileType = file.storyboard; name = Base; path = Base.lproj/LaunchScreen.storyboard; sourceTree = "<group>"; };
		55ABE7162B981725000792EF /* Info.plist */ = {isa = PBXFileReference; lastKnownFileType = text.plist.xml; path = Info.plist; sourceTree = "<group>"; };
		55ABE71B2B981725000792EF /* Cricket Match Details Mobile AppTests.xctest */ = {isa = PBXFileReference; explicitFileType = wrapper.cfbundle; includeInIndex = 0; path = "Cricket Match Details Mobile AppTests.xctest"; sourceTree = BUILT_PRODUCTS_DIR; };
		55ABE71F2B981725000792EF /* Cricket_Match_Details_Mobile_AppTests.swift */ = {isa = PBXFileReference; lastKnownFileType = sourcecode.swift; path = Cricket_Match_Details_Mobile_AppTests.swift; sourceTree = "<group>"; };
		55ABE7252B981725000792EF /* Cricket Match Details Mobile AppUITests.xctest */ = {isa = PBXFileReference; explicitFileType = wrapper.cfbundle; includeInIndex = 0; path = "Cricket Match Details Mobile AppUITests.xctest"; sourceTree = BUILT_PRODUCTS_DIR; };
		55ABE7292B981725000792EF /* Cricket_Match_Details_Mobile_AppUITests.swift */ = {isa = PBXFileReference; lastKnownFileType = sourcecode.swift; path = Cricket_Match_Details_Mobile_AppUITests.swift; sourceTree = "<group>"; };
		55ABE72B2B981725000792EF /* Cricket_Match_Details_Mobile_AppUITestsLaunchTests.swift */ = {isa = PBXFileReference; lastKnownFileType = sourcecode.swift; path = Cricket_Match_Details_Mobile_AppUITestsLaunchTests.swift; sourceTree = "<group>"; };
		55B9260F2B98320100555210 /* MatchSummaryViewController.swift */ = {isa = PBXFileReference; lastKnownFileType = sourcecode.swift; path = MatchSummaryViewController.swift; sourceTree = "<group>"; };
		55B926132B9833A800555210 /* MatchModel.swift */ = {isa = PBXFileReference; lastKnownFileType = sourcecode.swift; path = MatchModel.swift; sourceTree = "<group>"; };
		55B926182B98348600555210 /* MatchDetailsViewModel.swift */ = {isa = PBXFileReference; lastKnownFileType = sourcecode.swift; path = MatchDetailsViewModel.swift; sourceTree = "<group>"; };
		55E9D4D82B983E730016E224 /* DataManager.swift */ = {isa = PBXFileReference; lastKnownFileType = sourcecode.swift; path = DataManager.swift; sourceTree = "<group>"; };
		55E9D4DB2B9844260016E224 /* status.json */ = {isa = PBXFileReference; fileEncoding = 4; lastKnownFileType = text.json; path = status.json; sourceTree = "<group>"; };
		55E9D4DD2B985E5B0016E224 /* ScorecardViewController.swift */ = {isa = PBXFileReference; lastKnownFileType = sourcecode.swift; path = ScorecardViewController.swift; sourceTree = "<group>"; };
		55E9D4DF2B9878230016E224 /* ScoreCardTableViewcell.swift */ = {isa = PBXFileReference; lastKnownFileType = sourcecode.swift; path = ScoreCardTableViewcell.swift; sourceTree = "<group>"; };
/* End PBXFileReference section */

/* Begin PBXFrameworksBuildPhase section */
		55ABE7022B981724000792EF /* Frameworks */ = {
			isa = PBXFrameworksBuildPhase;
			buildActionMask = 2147483647;
			files = (
			);
			runOnlyForDeploymentPostprocessing = 0;
		};
		55ABE7182B981725000792EF /* Frameworks */ = {
			isa = PBXFrameworksBuildPhase;
			buildActionMask = 2147483647;
			files = (
			);
			runOnlyForDeploymentPostprocessing = 0;
		};
		55ABE7222B981725000792EF /* Frameworks */ = {
			isa = PBXFrameworksBuildPhase;
			buildActionMask = 2147483647;
			files = (
			);
			runOnlyForDeploymentPostprocessing = 0;
		};
/* End PBXFrameworksBuildPhase section */

/* Begin PBXGroup section */
		55ABE6FC2B981724000792EF = {
			isa = PBXGroup;
			children = (
				55ABE7072B981724000792EF /* Cricket Match Details Mobile App */,
				55ABE71E2B981725000792EF /* Cricket Match Details Mobile AppTests */,
				55ABE7282B981725000792EF /* Cricket Match Details Mobile AppUITests */,
				55ABE7062B981724000792EF /* Products */,
			);
			sourceTree = "<group>";
		};
		55ABE7062B981724000792EF /* Products */ = {
			isa = PBXGroup;
			children = (
				55ABE7052B981724000792EF /* Cricket Match Details Mobile App.app */,
				55ABE71B2B981725000792EF /* Cricket Match Details Mobile AppTests.xctest */,
				55ABE7252B981725000792EF /* Cricket Match Details Mobile AppUITests.xctest */,
			);
			name = Products;
			sourceTree = "<group>";
		};
		55ABE7072B981724000792EF /* Cricket Match Details Mobile App */ = {
			isa = PBXGroup;
			children = (
				55B9260E2B9831CE00555210 /* View */,
				55B926122B98337E00555210 /* Model */,
				55B926172B98345700555210 /* ViewModel */,
				55E9D4DA2B9844010016E224 /* Resources */,
				55ABE7082B981724000792EF /* AppDelegate.swift */,
				55ABE70A2B981724000792EF /* SceneDelegate.swift */,
				55ABE70C2B981724000792EF /* ViewController.swift */,
				55ABE70E2B981724000792EF /* Main.storyboard */,
				55ABE7112B981725000792EF /* Assets.xcassets */,
				55ABE7132B981725000792EF /* LaunchScreen.storyboard */,
				55ABE7162B981725000792EF /* Info.plist */,
			);
			path = "Cricket Match Details Mobile App";
			sourceTree = "<group>";
		};
		55ABE71E2B981725000792EF /* Cricket Match Details Mobile AppTests */ = {
			isa = PBXGroup;
			children = (
				55ABE71F2B981725000792EF /* Cricket_Match_Details_Mobile_AppTests.swift */,
			);
			path = "Cricket Match Details Mobile AppTests";
			sourceTree = "<group>";
		};
		55ABE7282B981725000792EF /* Cricket Match Details Mobile AppUITests */ = {
			isa = PBXGroup;
			children = (
				55ABE7292B981725000792EF /* Cricket_Match_Details_Mobile_AppUITests.swift */,
				55ABE72B2B981725000792EF /* Cricket_Match_Details_Mobile_AppUITestsLaunchTests.swift */,
			);
			path = "Cricket Match Details Mobile AppUITests";
			sourceTree = "<group>";
		};
		55B9260E2B9831CE00555210 /* View */ = {
			isa = PBXGroup;
			children = (
				55B9260F2B98320100555210 /* MatchSummaryViewController.swift */,
				55E9D4DD2B985E5B0016E224 /* ScorecardViewController.swift */,
				55E9D4DF2B9878230016E224 /* ScoreCardTableViewcell.swift */,
			);
			path = View;
			sourceTree = "<group>";
		};
		55B926122B98337E00555210 /* Model */ = {
			isa = PBXGroup;
			children = (
				55B926132B9833A800555210 /* MatchModel.swift */,
			);
			path = Model;
			sourceTree = "<group>";
		};
		55B926172B98345700555210 /* ViewModel */ = {
			isa = PBXGroup;
			children = (
				55B926182B98348600555210 /* MatchDetailsViewModel.swift */,
				55E9D4D82B983E730016E224 /* DataManager.swift */,
			);
			path = ViewModel;
			sourceTree = "<group>";
		};
		55E9D4DA2B9844010016E224 /* Resources */ = {
			isa = PBXGroup;
			children = (
				55E9D4DB2B9844260016E224 /* status.json */,
			);
			path = Resources;
			sourceTree = "<group>";
		};
/* End PBXGroup section */

/* Begin PBXNativeTarget section */
		55ABE7042B981724000792EF /* Cricket Match Details Mobile App */ = {
			isa = PBXNativeTarget;
			buildConfigurationList = 55ABE72F2B981725000792EF /* Build configuration list for PBXNativeTarget "Cricket Match Details Mobile App" */;
			buildPhases = (
				55ABE7012B981724000792EF /* Sources */,
				55ABE7022B981724000792EF /* Frameworks */,
				55ABE7032B981724000792EF /* Resources */,
			);
			buildRules = (
			);
			dependencies = (
			);
			name = "Cricket Match Details Mobile App";
			productName = "Cricket Match Details Mobile App";
			productReference = 55ABE7052B981724000792EF /* Cricket Match Details Mobile App.app */;
			productType = "com.apple.product-type.application";
		};
		55ABE71A2B981725000792EF /* Cricket Match Details Mobile AppTests */ = {
			isa = PBXNativeTarget;
			buildConfigurationList = 55ABE7322B981725000792EF /* Build configuration list for PBXNativeTarget "Cricket Match Details Mobile AppTests" */;
			buildPhases = (
				55ABE7172B981725000792EF /* Sources */,
				55ABE7182B981725000792EF /* Frameworks */,
				55ABE7192B981725000792EF /* Resources */,
			);
			buildRules = (
			);
			dependencies = (
				55ABE71D2B981725000792EF /* PBXTargetDependency */,
			);
			name = "Cricket Match Details Mobile AppTests";
			productName = "Cricket Match Details Mobile AppTests";
			productReference = 55ABE71B2B981725000792EF /* Cricket Match Details Mobile AppTests.xctest */;
			productType = "com.apple.product-type.bundle.unit-test";
		};
		55ABE7242B981725000792EF /* Cricket Match Details Mobile AppUITests */ = {
			isa = PBXNativeTarget;
			buildConfigurationList = 55ABE7352B981725000792EF /* Build configuration list for PBXNativeTarget "Cricket Match Details Mobile AppUITests" */;
			buildPhases = (
				55ABE7212B981725000792EF /* Sources */,
				55ABE7222B981725000792EF /* Frameworks */,
				55ABE7232B981725000792EF /* Resources */,
			);
			buildRules = (
			);
			dependencies = (
				55ABE7272B981725000792EF /* PBXTargetDependency */,
			);
			name = "Cricket Match Details Mobile AppUITests";
			productName = "Cricket Match Details Mobile AppUITests";
			productReference = 55ABE7252B981725000792EF /* Cricket Match Details Mobile AppUITests.xctest */;
			productType = "com.apple.product-type.bundle.ui-testing";
		};
/* End PBXNativeTarget section */

/* Begin PBXProject section */
		55ABE6FD2B981724000792EF /* Project object */ = {
			isa = PBXProject;
			attributes = {
				BuildIndependentTargetsInParallel = 1;
				LastSwiftUpdateCheck = 1520;
				LastUpgradeCheck = 1520;
				TargetAttributes = {
					55ABE7042B981724000792EF = {
						CreatedOnToolsVersion = 15.2;
					};
					55ABE71A2B981725000792EF = {
						CreatedOnToolsVersion = 15.2;
						TestTargetID = 55ABE7042B981724000792EF;
					};
					55ABE7242B981725000792EF = {
						CreatedOnToolsVersion = 15.2;
						TestTargetID = 55ABE7042B981724000792EF;
					};
				};
			};
			buildConfigurationList = 55ABE7002B981724000792EF /* Build configuration list for PBXProject "Cricket Match Details Mobile App" */;
			compatibilityVersion = "Xcode 14.0";
			developmentRegion = en;
			hasScannedForEncodings = 0;
			knownRegions = (
				en,
				Base,
			);
			mainGroup = 55ABE6FC2B981724000792EF;
			productRefGroup = 55ABE7062B981724000792EF /* Products */;
			projectDirPath = "";
			projectRoot = "";
			targets = (
				55ABE7042B981724000792EF /* Cricket Match Details Mobile App */,
				55ABE71A2B981725000792EF /* Cricket Match Details Mobile AppTests */,
				55ABE7242B981725000792EF /* Cricket Match Details Mobile AppUITests */,
			);
		};
/* End PBXProject section */

/* Begin PBXResourcesBuildPhase section */
		55ABE7032B981724000792EF /* Resources */ = {
			isa = PBXResourcesBuildPhase;
			buildActionMask = 2147483647;
			files = (
				55ABE7152B981725000792EF /* LaunchScreen.storyboard in Resources */,
				55ABE7122B981725000792EF /* Assets.xcassets in Resources */,
				55ABE7102B981724000792EF /* Main.storyboard in Resources */,
				55E9D4DC2B9844260016E224 /* status.json in Resources */,
			);
			runOnlyForDeploymentPostprocessing = 0;
		};
		55ABE7192B981725000792EF /* Resources */ = {
			isa = PBXResourcesBuildPhase;
			buildActionMask = 2147483647;
			files = (
			);
			runOnlyForDeploymentPostprocessing = 0;
		};
		55ABE7232B981725000792EF /* Resources */ = {
			isa = PBXResourcesBuildPhase;
			buildActionMask = 2147483647;
			files = (
			);
			runOnlyForDeploymentPostprocessing = 0;
		};
/* End PBXResourcesBuildPhase section */

/* Begin PBXSourcesBuildPhase section */
		55ABE7012B981724000792EF /* Sources */ = {
			isa = PBXSourcesBuildPhase;
			buildActionMask = 2147483647;
			files = (
				55ABE70D2B981724000792EF /* ViewController.swift in Sources */,
				55E9D4E02B9878230016E224 /* ScoreCardTableViewcell.swift in Sources */,
				55B926142B9833A800555210 /* MatchModel.swift in Sources */,
				55ABE7092B981724000792EF /* AppDelegate.swift in Sources */,
				55E9D4D92B983E730016E224 /* DataManager.swift in Sources */,
				55B926102B98320100555210 /* MatchSummaryViewController.swift in Sources */,
				55E9D4DE2B985E5B0016E224 /* ScorecardViewController.swift in Sources */,
				55ABE70B2B981724000792EF /* SceneDelegate.swift in Sources */,
				55B926192B98348600555210 /* MatchDetailsViewModel.swift in Sources */,
			);
			runOnlyForDeploymentPostprocessing = 0;
		};
		55ABE7172B981725000792EF /* Sources */ = {
			isa = PBXSourcesBuildPhase;
			buildActionMask = 2147483647;
			files = (
				55ABE7202B981725000792EF /* Cricket_Match_Details_Mobile_AppTests.swift in Sources */,
			);
			runOnlyForDeploymentPostprocessing = 0;
		};
		55ABE7212B981725000792EF /* Sources */ = {
			isa = PBXSourcesBuildPhase;
			buildActionMask = 2147483647;
			files = (
				55ABE72A2B981725000792EF /* Cricket_Match_Details_Mobile_AppUITests.swift in Sources */,
				55ABE72C2B981725000792EF /* Cricket_Match_Details_Mobile_AppUITestsLaunchTests.swift in Sources */,
			);
			runOnlyForDeploymentPostprocessing = 0;
		};
/* End PBXSourcesBuildPhase section */

/* Begin PBXTargetDependency section */
		55ABE71D2B981725000792EF /* PBXTargetDependency */ = {
			isa = PBXTargetDependency;
			target = 55ABE7042B981724000792EF /* Cricket Match Details Mobile App */;
			targetProxy = 55ABE71C2B981725000792EF /* PBXContainerItemProxy */;
		};
		55ABE7272B981725000792EF /* PBXTargetDependency */ = {
			isa = PBXTargetDependency;
			target = 55ABE7042B981724000792EF /* Cricket Match Details Mobile App */;
			targetProxy = 55ABE7262B981725000792EF /* PBXContainerItemProxy */;
		};
/* End PBXTargetDependency section */

/* Begin PBXVariantGroup section */
		55ABE70E2B981724000792EF /* Main.storyboard */ = {
			isa = PBXVariantGroup;
			children = (
				55ABE70F2B981724000792EF /* Base */,
			);
			name = Main.storyboard;
			sourceTree = "<group>";
		};
		55ABE7132B981725000792EF /* LaunchScreen.storyboard */ = {
			isa = PBXVariantGroup;
			children = (
				55ABE7142B981725000792EF /* Base */,
			);
			name = LaunchScreen.storyboard;
			sourceTree = "<group>";
		};
/* End PBXVariantGroup section */

/* Begin XCBuildConfiguration section */
		55ABE72D2B981725000792EF /* Debug */ = {
			isa = XCBuildConfiguration;
			buildSettings = {
				ALWAYS_SEARCH_USER_PATHS = NO;
				ASSETCATALOG_COMPILER_GENERATE_SWIFT_ASSET_SYMBOL_EXTENSIONS = YES;
				CLANG_ANALYZER_NONNULL = YES;
				CLANG_ANALYZER_NUMBER_OBJECT_CONVERSION = YES_AGGRESSIVE;
				CLANG_CXX_LANGUAGE_STANDARD = "gnu++20";
				CLANG_ENABLE_MODULES = YES;
				CLANG_ENABLE_OBJC_ARC = YES;
				CLANG_ENABLE_OBJC_WEAK = YES;
				CLANG_WARN_BLOCK_CAPTURE_AUTORELEASING = YES;
				CLANG_WARN_BOOL_CONVERSION = YES;
				CLANG_WARN_COMMA = YES;
				CLANG_WARN_CONSTANT_CONVERSION = YES;
				CLANG_WARN_DEPRECATED_OBJC_IMPLEMENTATIONS = YES;
				CLANG_WARN_DIRECT_OBJC_ISA_USAGE = YES_ERROR;
				CLANG_WARN_DOCUMENTATION_COMMENTS = YES;
				CLANG_WARN_EMPTY_BODY = YES;
				CLANG_WARN_ENUM_CONVERSION = YES;
				CLANG_WARN_INFINITE_RECURSION = YES;
				CLANG_WARN_INT_CONVERSION = YES;
				CLANG_WARN_NON_LITERAL_NULL_CONVERSION = YES;
				CLANG_WARN_OBJC_IMPLICIT_RETAIN_SELF = YES;
				CLANG_WARN_OBJC_LITERAL_CONVERSION = YES;
				CLANG_WARN_OBJC_ROOT_CLASS = YES_ERROR;
				CLANG_WARN_QUOTED_INCLUDE_IN_FRAMEWORK_HEADER = YES;
				CLANG_WARN_RANGE_LOOP_ANALYSIS = YES;
				CLANG_WARN_STRICT_PROTOTYPES = YES;
				CLANG_WARN_SUSPICIOUS_MOVE = YES;
				CLANG_WARN_UNGUARDED_AVAILABILITY = YES_AGGRESSIVE;
				CLANG_WARN_UNREACHABLE_CODE = YES;
				CLANG_WARN__DUPLICATE_METHOD_MATCH = YES;
				COPY_PHASE_STRIP = NO;
				DEBUG_INFORMATION_FORMAT = dwarf;
				ENABLE_STRICT_OBJC_MSGSEND = YES;
				ENABLE_TESTABILITY = YES;
				ENABLE_USER_SCRIPT_SANDBOXING = YES;
				GCC_C_LANGUAGE_STANDARD = gnu17;
				GCC_DYNAMIC_NO_PIC = NO;
				GCC_NO_COMMON_BLOCKS = YES;
				GCC_OPTIMIZATION_LEVEL = 0;
				GCC_PREPROCESSOR_DEFINITIONS = (
					"DEBUG=1",
					"$(inherited)",
				);
				GCC_WARN_64_TO_32_BIT_CONVERSION = YES;
				GCC_WARN_ABOUT_RETURN_TYPE = YES_ERROR;
				GCC_WARN_UNDECLARED_SELECTOR = YES;
				GCC_WARN_UNINITIALIZED_AUTOS = YES_AGGRESSIVE;
				GCC_WARN_UNUSED_FUNCTION = YES;
				GCC_WARN_UNUSED_VARIABLE = YES;
				IPHONEOS_DEPLOYMENT_TARGET = 17.2;
				LOCALIZATION_PREFERS_STRING_CATALOGS = YES;
				MTL_ENABLE_DEBUG_INFO = INCLUDE_SOURCE;
				MTL_FAST_MATH = YES;
				ONLY_ACTIVE_ARCH = YES;
				SDKROOT = iphoneos;
				SWIFT_ACTIVE_COMPILATION_CONDITIONS = "DEBUG $(inherited)";
				SWIFT_OPTIMIZATION_LEVEL = "-Onone";
			};
			name = Debug;
		};
		55ABE72E2B981725000792EF /* Release */ = {
			isa = XCBuildConfiguration;
			buildSettings = {
				ALWAYS_SEARCH_USER_PATHS = NO;
				ASSETCATALOG_COMPILER_GENERATE_SWIFT_ASSET_SYMBOL_EXTENSIONS = YES;
				CLANG_ANALYZER_NONNULL = YES;
				CLANG_ANALYZER_NUMBER_OBJECT_CONVERSION = YES_AGGRESSIVE;
				CLANG_CXX_LANGUAGE_STANDARD = "gnu++20";
				CLANG_ENABLE_MODULES = YES;
				CLANG_ENABLE_OBJC_ARC = YES;
				CLANG_ENABLE_OBJC_WEAK = YES;
				CLANG_WARN_BLOCK_CAPTURE_AUTORELEASING = YES;
				CLANG_WARN_BOOL_CONVERSION = YES;
				CLANG_WARN_COMMA = YES;
				CLANG_WARN_CONSTANT_CONVERSION = YES;
				CLANG_WARN_DEPRECATED_OBJC_IMPLEMENTATIONS = YES;
				CLANG_WARN_DIRECT_OBJC_ISA_USAGE = YES_ERROR;
				CLANG_WARN_DOCUMENTATION_COMMENTS = YES;
				CLANG_WARN_EMPTY_BODY = YES;
				CLANG_WARN_ENUM_CONVERSION = YES;
				CLANG_WARN_INFINITE_RECURSION = YES;
				CLANG_WARN_INT_CONVERSION = YES;
				CLANG_WARN_NON_LITERAL_NULL_CONVERSION = YES;
				CLANG_WARN_OBJC_IMPLICIT_RETAIN_SELF = YES;
				CLANG_WARN_OBJC_LITERAL_CONVERSION = YES;
				CLANG_WARN_OBJC_ROOT_CLASS = YES_ERROR;
				CLANG_WARN_QUOTED_INCLUDE_IN_FRAMEWORK_HEADER = YES;
				CLANG_WARN_RANGE_LOOP_ANALYSIS = YES;
				CLANG_WARN_STRICT_PROTOTYPES = YES;
				CLANG_WARN_SUSPICIOUS_MOVE = YES;
				CLANG_WARN_UNGUARDED_AVAILABILITY = YES_AGGRESSIVE;
				CLANG_WARN_UNREACHABLE_CODE = YES;
				CLANG_WARN__DUPLICATE_METHOD_MATCH = YES;
				COPY_PHASE_STRIP = NO;
				DEBUG_INFORMATION_FORMAT = "dwarf-with-dsym";
				ENABLE_NS_ASSERTIONS = NO;
				ENABLE_STRICT_OBJC_MSGSEND = YES;
				ENABLE_USER_SCRIPT_SANDBOXING = YES;
				GCC_C_LANGUAGE_STANDARD = gnu17;
				GCC_NO_COMMON_BLOCKS = YES;
				GCC_WARN_64_TO_32_BIT_CONVERSION = YES;
				GCC_WARN_ABOUT_RETURN_TYPE = YES_ERROR;
				GCC_WARN_UNDECLARED_SELECTOR = YES;
				GCC_WARN_UNINITIALIZED_AUTOS = YES_AGGRESSIVE;
				GCC_WARN_UNUSED_FUNCTION = YES;
				GCC_WARN_UNUSED_VARIABLE = YES;
				IPHONEOS_DEPLOYMENT_TARGET = 17.2;
				LOCALIZATION_PREFERS_STRING_CATALOGS = YES;
				MTL_ENABLE_DEBUG_INFO = NO;
				MTL_FAST_MATH = YES;
				SDKROOT = iphoneos;
				SWIFT_COMPILATION_MODE = wholemodule;
				VALIDATE_PRODUCT = YES;
			};
			name = Release;
		};
		55ABE7302B981725000792EF /* Debug */ = {
			isa = XCBuildConfiguration;
			buildSettings = {
				ASSETCATALOG_COMPILER_APPICON_NAME = AppIcon;
				ASSETCATALOG_COMPILER_GLOBAL_ACCENT_COLOR_NAME = AccentColor;
				CODE_SIGN_STYLE = Automatic;
				CURRENT_PROJECT_VERSION = 1;
				DEVELOPMENT_TEAM = 5D44FLUWQ6;
				GENERATE_INFOPLIST_FILE = YES;
				INFOPLIST_FILE = "Cricket Match Details Mobile App/Info.plist";
				INFOPLIST_KEY_UIApplicationSupportsIndirectInputEvents = YES;
				INFOPLIST_KEY_UILaunchStoryboardName = LaunchScreen;
				INFOPLIST_KEY_UIMainStoryboardFile = Main;
				INFOPLIST_KEY_UISupportedInterfaceOrientations_iPad = "UIInterfaceOrientationPortrait UIInterfaceOrientationPortraitUpsideDown UIInterfaceOrientationLandscapeLeft UIInterfaceOrientationLandscapeRight";
				INFOPLIST_KEY_UISupportedInterfaceOrientations_iPhone = "UIInterfaceOrientationPortrait UIInterfaceOrientationLandscapeLeft UIInterfaceOrientationLandscapeRight";
				LD_RUNPATH_SEARCH_PATHS = (
					"$(inherited)",
					"@executable_path/Frameworks",
				);
				MARKETING_VERSION = 1.0;
				PRODUCT_BUNDLE_IDENTIFIER = "personal.Cricket-Match-Details-Mobile-App";
				PRODUCT_NAME = "$(TARGET_NAME)";
				SWIFT_EMIT_LOC_STRINGS = YES;
				SWIFT_VERSION = 5.0;
				TARGETED_DEVICE_FAMILY = "1,2";
			};
			name = Debug;
		};
		55ABE7312B981725000792EF /* Release */ = {
			isa = XCBuildConfiguration;
			buildSettings = {
				ASSETCATALOG_COMPILER_APPICON_NAME = AppIcon;
				ASSETCATALOG_COMPILER_GLOBAL_ACCENT_COLOR_NAME = AccentColor;
				CODE_SIGN_STYLE = Automatic;
				CURRENT_PROJECT_VERSION = 1;
				DEVELOPMENT_TEAM = 5D44FLUWQ6;
				GENERATE_INFOPLIST_FILE = YES;
				INFOPLIST_FILE = "Cricket Match Details Mobile App/Info.plist";
				INFOPLIST_KEY_UIApplicationSupportsIndirectInputEvents = YES;
				INFOPLIST_KEY_UILaunchStoryboardName = LaunchScreen;
				INFOPLIST_KEY_UIMainStoryboardFile = Main;
				INFOPLIST_KEY_UISupportedInterfaceOrientations_iPad = "UIInterfaceOrientationPortrait UIInterfaceOrientationPortraitUpsideDown UIInterfaceOrientationLandscapeLeft UIInterfaceOrientationLandscapeRight";
				INFOPLIST_KEY_UISupportedInterfaceOrientations_iPhone = "UIInterfaceOrientationPortrait UIInterfaceOrientationLandscapeLeft UIInterfaceOrientationLandscapeRight";
				LD_RUNPATH_SEARCH_PATHS = (
					"$(inherited)",
					"@executable_path/Frameworks",
				);
				MARKETING_VERSION = 1.0;
				PRODUCT_BUNDLE_IDENTIFIER = "personal.Cricket-Match-Details-Mobile-App";
				PRODUCT_NAME = "$(TARGET_NAME)";
				SWIFT_EMIT_LOC_STRINGS = YES;
				SWIFT_VERSION = 5.0;
				TARGETED_DEVICE_FAMILY = "1,2";
			};
			name = Release;
		};
		55ABE7332B981725000792EF /* Debug */ = {
			isa = XCBuildConfiguration;
			buildSettings = {
				ALWAYS_EMBED_SWIFT_STANDARD_LIBRARIES = YES;
				BUNDLE_LOADER = "$(TEST_HOST)";
				CODE_SIGN_STYLE = Automatic;
				CURRENT_PROJECT_VERSION = 1;
				DEVELOPMENT_TEAM = 5D44FLUWQ6;
				GENERATE_INFOPLIST_FILE = YES;
				IPHONEOS_DEPLOYMENT_TARGET = 17.2;
				MARKETING_VERSION = 1.0;
				PRODUCT_BUNDLE_IDENTIFIER = "personal.Cricket-Match-Details-Mobile-AppTests";
				PRODUCT_NAME = "$(TARGET_NAME)";
				SWIFT_EMIT_LOC_STRINGS = NO;
				SWIFT_VERSION = 5.0;
				TARGETED_DEVICE_FAMILY = "1,2";
				TEST_HOST = "$(BUILT_PRODUCTS_DIR)/Cricket Match Details Mobile App.app/$(BUNDLE_EXECUTABLE_FOLDER_PATH)/Cricket Match Details Mobile App";
			};
			name = Debug;
		};
		55ABE7342B981725000792EF /* Release */ = {
			isa = XCBuildConfiguration;
			buildSettings = {
				ALWAYS_EMBED_SWIFT_STANDARD_LIBRARIES = YES;
				BUNDLE_LOADER = "$(TEST_HOST)";
				CODE_SIGN_STYLE = Automatic;
				CURRENT_PROJECT_VERSION = 1;
				DEVELOPMENT_TEAM = 5D44FLUWQ6;
				GENERATE_INFOPLIST_FILE = YES;
				IPHONEOS_DEPLOYMENT_TARGET = 17.2;
				MARKETING_VERSION = 1.0;
				PRODUCT_BUNDLE_IDENTIFIER = "personal.Cricket-Match-Details-Mobile-AppTests";
				PRODUCT_NAME = "$(TARGET_NAME)";
				SWIFT_EMIT_LOC_STRINGS = NO;
				SWIFT_VERSION = 5.0;
				TARGETED_DEVICE_FAMILY = "1,2";
				TEST_HOST = "$(BUILT_PRODUCTS_DIR)/Cricket Match Details Mobile App.app/$(BUNDLE_EXECUTABLE_FOLDER_PATH)/Cricket Match Details Mobile App";
			};
			name = Release;
		};
		55ABE7362B981725000792EF /* Debug */ = {
			isa = XCBuildConfiguration;
			buildSettings = {
				ALWAYS_EMBED_SWIFT_STANDARD_LIBRARIES = YES;
				CODE_SIGN_STYLE = Automatic;
				CURRENT_PROJECT_VERSION = 1;
				DEVELOPMENT_TEAM = 5D44FLUWQ6;
				GENERATE_INFOPLIST_FILE = YES;
				MARKETING_VERSION = 1.0;
				PRODUCT_BUNDLE_IDENTIFIER = "personal.Cricket-Match-Details-Mobile-AppUITests";
				PRODUCT_NAME = "$(TARGET_NAME)";
				SWIFT_EMIT_LOC_STRINGS = NO;
				SWIFT_VERSION = 5.0;
				TARGETED_DEVICE_FAMILY = "1,2";
				TEST_TARGET_NAME = "Cricket Match Details Mobile App";
			};
			name = Debug;
		};
		55ABE7372B981725000792EF /* Release */ = {
			isa = XCBuildConfiguration;
			buildSettings = {
				ALWAYS_EMBED_SWIFT_STANDARD_LIBRARIES = YES;
				CODE_SIGN_STYLE = Automatic;
				CURRENT_PROJECT_VERSION = 1;
				DEVELOPMENT_TEAM = 5D44FLUWQ6;
				GENERATE_INFOPLIST_FILE = YES;
				MARKETING_VERSION = 1.0;
				PRODUCT_BUNDLE_IDENTIFIER = "personal.Cricket-Match-Details-Mobile-AppUITests";
				PRODUCT_NAME = "$(TARGET_NAME)";
				SWIFT_EMIT_LOC_STRINGS = NO;
				SWIFT_VERSION = 5.0;
				TARGETED_DEVICE_FAMILY = "1,2";
				TEST_TARGET_NAME = "Cricket Match Details Mobile App";
			};
			name = Release;
		};
/* End XCBuildConfiguration section */

/* Begin XCConfigurationList section */
		55ABE7002B981724000792EF /* Build configuration list for PBXProject "Cricket Match Details Mobile App" */ = {
			isa = XCConfigurationList;
			buildConfigurations = (
				55ABE72D2B981725000792EF /* Debug */,
				55ABE72E2B981725000792EF /* Release */,
			);
			defaultConfigurationIsVisible = 0;
			defaultConfigurationName = Release;
		};
		55ABE72F2B981725000792EF /* Build configuration list for PBXNativeTarget "Cricket Match Details Mobile App" */ = {
			isa = XCConfigurationList;
			buildConfigurations = (
				55ABE7302B981725000792EF /* Debug */,
				55ABE7312B981725000792EF /* Release */,
			);
			defaultConfigurationIsVisible = 0;
			defaultConfigurationName = Release;
		};
		55ABE7322B981725000792EF /* Build configuration list for PBXNativeTarget "Cricket Match Details Mobile AppTests" */ = {
			isa = XCConfigurationList;
			buildConfigurations = (
				55ABE7332B981725000792EF /* Debug */,
				55ABE7342B981725000792EF /* Release */,
			);
			defaultConfigurationIsVisible = 0;
			defaultConfigurationName = Release;
		};
		55ABE7352B981725000792EF /* Build configuration list for PBXNativeTarget "Cricket Match Details Mobile AppUITests" */ = {
			isa = XCConfigurationList;
			buildConfigurations = (
				55ABE7362B981725000792EF /* Debug */,
				55ABE7372B981725000792EF /* Release */,
			);
			defaultConfigurationIsVisible = 0;
			defaultConfigurationName = Release;
		};
/* End XCConfigurationList section */
	};
	rootObject = 55ABE6FD2B981724000792EF /* Project object */;
}
